
Microsoft Visual Studio Solution File, Format Version 12.00
# Visual Studio Version 17
VisualStudioVersion = 17.8.34525.116
MinimumVisualStudioVersion = 10.0.40219.1
Project("{FAE04EC0-301F-11D3-BF4B-00C04F79EFBC}") = "Flappy Bird", "Flappy Bird\Flappy Bird.csproj", "{C539AE5F-F154-4020-A0C1-70D7B6DE7762}"
EndProject
Project("{FAE04EC0-301F-11D3-BF4B-00C04F79EFBC}") = "FlappyBirdLibrary", "FlappyBirdLibrary\FlappyBirdLibrary.csproj", "{47398E0A-0991-4193-8DC5-34E89F20168C}"
EndProject
Global
	GlobalSection(SolutionConfigurationPlatforms) = preSolution
		Debug|Any CPU = Debug|Any CPU
		Release|Any CPU = Release|Any CPU
	EndGlobalSection
	GlobalSection(ProjectConfigurationPlatforms) = postSolution
		{C539AE5F-F154-4020-A0C1-70D7B6DE7762}.Debug|Any CPU.ActiveCfg = Debug|Any CPU
		{C539AE5F-F154-4020-A0C1-70D7B6DE7762}.Debug|Any CPU.Build.0 = Debug|Any CPU
		{C539AE5F-F154-4020-A0C1-70D7B6DE7762}.Release|Any CPU.ActiveCfg = Release|Any CPU
		{C539AE5F-F154-4020-A0C1-70D7B6DE7762}.Release|Any CPU.Build.0 = Release|Any CPU
		{47398E0A-0991-4193-8DC5-34E89F20168C}.Debug|Any CPU.ActiveCfg = Debug|Any CPU
		{47398E0A-0991-4193-8DC5-34E89F20168C}.Debug|Any CPU.Build.0 = Debug|Any CPU
		{47398E0A-0991-4193-8DC5-34E89F20168C}.Release|Any CPU.ActiveCfg = Release|Any CPU
		{47398E0A-0991-4193-8DC5-34E89F20168C}.Release|Any CPU.Build.0 = Release|Any CPU
	EndGlobalSection
	GlobalSection(SolutionProperties) = preSolution
		HideSolutionNode = FALSE
	EndGlobalSection
	GlobalSection(ExtensibilityGlobals) = postSolution
		SolutionGuid = {0599A490-C37D-40B1-88BD-49D7688F2A89}
	EndGlobalSection
EndGlobal
